Microsoft Visual Studio Solution File, Format Version 12.00
# Visual Studio Version 17
VisualStudioVersion = 17.5.2.0
MinimumVisualStudioVersion = 10.0.40219.1
Project("{FAE04EC0-301F-11D3-BF4B-00C04F79EFBC}") = "PelvicFin", "PelvicFin.csproj", "{415F676F-7053-52BA-7D96-9D1809BA5431}"
EndProject
Global
	GlobalSection(SolutionConfigurationPlatforms) = preSolution
		Debug|Any CPU = Debug|Any CPU
		Release|Any CPU = Release|Any CPU
	EndGlobalSection
	GlobalSection(ProjectConfigurationPlatforms) = postSolution
		{415F676F-7053-52BA-7D96-9D1809BA5431}.Debug|Any CPU.ActiveCfg = Debug|Any CPU
		{415F676F-7053-52BA-7D96-9D1809BA5431}.Debug|Any CPU.Build.0 = Debug|Any CPU
		{415F676F-7053-52BA-7D96-9D1809BA5431}.Release|Any CPU.ActiveCfg = Release|Any CPU
		{415F676F-7053-52BA-7D96-9D1809BA5431}.Release|Any CPU.Build.0 = Release|Any CPU
	EndGlobalSection
	GlobalSection(SolutionProperties) = preSolution
		HideSolutionNode = FALSE
	EndGlobalSection
	GlobalSection(ExtensibilityGlobals) = postSolution
		SolutionGuid = {7F1D9300-BAAB-40C3-8747-AE1D799506D3}
	EndGlobalSection
EndGlobal
